
Microsoft Visual Studio Solution File, Format Version 12.00
# Visual Studio 2015
Project("{FAE04EC0-301F-11D3-BF4B-00C04F79EFBC}") = "2D Shooting Project", "2D Shooting Project.csproj", "{1E57E97C-DFA3-0321-CCF8-147791CE0EA4}"
EndProject
Global
	GlobalSection(SolutionConfigurationPlatforms) = preSolution
		Debug|Any CPU = Debug|Any CPU
		Release|Any CPU = Release|Any CPU
	EndGlobalSection
	GlobalSection(ProjectConfigurationPlatforms) = postSolution
		{1E57E97C-DFA3-0321-CCF8-147791CE0EA4}.Debug|Any CPU.ActiveCfg = Debug|Any CPU
		{1E57E97C-DFA3-0321-CCF8-147791CE0EA4}.Debug|Any CPU.Build.0 = Debug|Any CPU
		{1E57E97C-DFA3-0321-CCF8-147791CE0EA4}.Release|Any CPU.ActiveCfg = Release|Any CPU
		{1E57E97C-DFA3-0321-CCF8-147791CE0EA4}.Release|Any CPU.Build.0 = Release|Any CPU
	EndGlobalSection
	GlobalSection(SolutionProperties) = preSolution
		HideSolutionNode = FALSE
	EndGlobalSection
EndGlobal
